
Microsoft Visual Studio Solution File, Format Version 12.00
# Visual Studio Version 16
VisualStudioVersion = 16.0.30011.22
MinimumVisualStudioVersion = 10.0.40219.1
Project("{FAE04EC0-301F-11D3-BF4B-00C04F79EFBC}") = "Laba5_12Variant_Motor", "Laba5_12Variant_Motor.csproj", "{78FD032D-453A-4871-922D-DBA64ACE0547}"
EndProject
Global
	GlobalSection(SolutionConfigurationPlatforms) = preSolution
		Debug|Any CPU = Debug|Any CPU
		Release|Any CPU = Release|Any CPU
	EndGlobalSection
	GlobalSection(ProjectConfigurationPlatforms) = postSolution
		{78FD032D-453A-4871-922D-DBA64ACE0547}.Debug|Any CPU.ActiveCfg = Debug|Any CPU
		{78FD032D-453A-4871-922D-DBA64ACE0547}.Debug|Any CPU.Build.0 = Debug|Any CPU
		{78FD032D-453A-4871-922D-DBA64ACE0547}.Release|Any CPU.ActiveCfg = Release|Any CPU
		{78FD032D-453A-4871-922D-DBA64ACE0547}.Release|Any CPU.Build.0 = Release|Any CPU
	EndGlobalSection
	GlobalSection(SolutionProperties) = preSolution
		HideSolutionNode = FALSE
	EndGlobalSection
	GlobalSection(ExtensibilityGlobals) = postSolution
		SolutionGuid = {A6C78403-FC48-44AD-94B8-204F58E44C25}
	EndGlobalSection
EndGlobal
